
Microsoft Visual Studio Solution File, Format Version 12.00
# Visual Studio Version 16
VisualStudioVersion = 25.0.1700.3
MinimumVisualStudioVersion = 10.0.40219.1
Project("{FAE04EC0-301F-11D3-BF4B-00C04F79EFBC}") = "InterfacesPractice", "InterfacesPractice\InterfacesPractice.csproj", "{9AC1A9AD-DB18-4EAE-B125-C9567EC31DBB}"
EndProject
Global
	GlobalSection(SolutionConfigurationPlatforms) = preSolution
		Debug|Any CPU = Debug|Any CPU
		Release|Any CPU = Release|Any CPU
	EndGlobalSection
	GlobalSection(ProjectConfigurationPlatforms) = postSolution
		{9AC1A9AD-DB18-4EAE-B125-C9567EC31DBB}.Debug|Any CPU.ActiveCfg = Debug|Any CPU
		{9AC1A9AD-DB18-4EAE-B125-C9567EC31DBB}.Debug|Any CPU.Build.0 = Debug|Any CPU
		{9AC1A9AD-DB18-4EAE-B125-C9567EC31DBB}.Release|Any CPU.ActiveCfg = Release|Any CPU
		{9AC1A9AD-DB18-4EAE-B125-C9567EC31DBB}.Release|Any CPU.Build.0 = Release|Any CPU
	EndGlobalSection
	GlobalSection(SolutionProperties) = preSolution
		HideSolutionNode = FALSE
	EndGlobalSection
	GlobalSection(ExtensibilityGlobals) = postSolution
		SolutionGuid = {393BF3BB-E8AE-4BBB-BF6B-1F4778097362}
	EndGlobalSection
EndGlobal
