
Microsoft Visual Studio Solution File, Format Version 12.00
# Visual Studio Version 16
VisualStudioVersion = 25.0.1700.3
MinimumVisualStudioVersion = 10.0.40219.1
Project("{FAE04EC0-301F-11D3-BF4B-00C04F79EFBC}") = "4Principles", "4Principles\4Principles.csproj", "{B87D46AE-818A-4EB8-B154-6AC2F0BBD225}"
EndProject
Global
	GlobalSection(SolutionConfigurationPlatforms) = preSolution
		Debug|Any CPU = Debug|Any CPU
		Release|Any CPU = Release|Any CPU
	EndGlobalSection
	GlobalSection(ProjectConfigurationPlatforms) = postSolution
		{B87D46AE-818A-4EB8-B154-6AC2F0BBD225}.Debug|Any CPU.ActiveCfg = Debug|Any CPU
		{B87D46AE-818A-4EB8-B154-6AC2F0BBD225}.Debug|Any CPU.Build.0 = Debug|Any CPU
		{B87D46AE-818A-4EB8-B154-6AC2F0BBD225}.Release|Any CPU.ActiveCfg = Release|Any CPU
		{B87D46AE-818A-4EB8-B154-6AC2F0BBD225}.Release|Any CPU.Build.0 = Release|Any CPU
	EndGlobalSection
	GlobalSection(SolutionProperties) = preSolution
		HideSolutionNode = FALSE
	EndGlobalSection
	GlobalSection(ExtensibilityGlobals) = postSolution
		SolutionGuid = {41C1475E-70ED-4E27-BE68-9F5DE43FBFCB}
	EndGlobalSection
EndGlobal
